
Microsoft Visual Studio Solution File, Format Version 12.00
# Visual Studio Version 16
VisualStudioVersion = 16.0.29814.53
MinimumVisualStudioVersion = 10.0.40219.1
Project("{9A19103F-16F7-4668-BE54-9A1E7A4F7556}") = "Olbrasoft.Blog.Data", "src\Olbrasoft.Blog.Data\Olbrasoft.Blog.Data.csproj", "{5A4C710E-D4B1-4A42-9F92-43C3CADC91F2}"
EndProject
Project("{2150E333-8FDC-42A3-9474-1A3956D46DE8}") = "Test", "Test", "{B66273AC-7971-4F42-A7E5-0DE45CF1D185}"
EndProject
Project("{9A19103F-16F7-4668-BE54-9A1E7A4F7556}") = "Olbrasoft.Blog.Data.EntityFrameworkCore", "src\Olbrasoft.Blog.Data.EntityFrameworkCore\Olbrasoft.Blog.Data.EntityFrameworkCore.csproj", "{F028DA6B-8961-423B-8EEA-A81668B19685}"
EndProject
Project("{9A19103F-16F7-4668-BE54-9A1E7A4F7556}") = "Olbrasoft.Blog.AspNetCore.Mvc", "src\Olbrasoft.Blog.AspNetCore.Mvc\Olbrasoft.Blog.AspNetCore.Mvc.csproj", "{4C29CC46-A908-443D-9CD1-C50BF29E3A1D}"
EndProject
Project("{9A19103F-16F7-4668-BE54-9A1E7A4F7556}") = "Olbrasoft.Blog.Business", "src\Olbrasoft.Blog.Business\Olbrasoft.Blog.Business.csproj", "{D263E598-5FBB-4C96-BCF2-4ABC1C3E9002}"
EndProject
Project("{9A19103F-16F7-4668-BE54-9A1E7A4F7556}") = "Olbrasoft.Blog.AspNetCore.Mvc.Tests", "test\Olbrasoft.Blog.AspNetCore.Mvc.Tests\Olbrasoft.Blog.AspNetCore.Mvc.Tests.csproj", "{ADEAD117-C5E3-44F8-A8AE-BAD64AB950B3}"
EndProject
Project("{9A19103F-16F7-4668-BE54-9A1E7A4F7556}") = "Olbrasoft.Blog.Business.Tests", "test\Olbrasoft.Blog.Business.Tests\Olbrasoft.Blog.Business.Tests.csproj", "{3AB3F2C2-99A2-46FF-A110-1CF31F2D9B49}"
EndProject
Project("{9A19103F-16F7-4668-BE54-9A1E7A4F7556}") = "Olbrasoft.Blog.Data.Tests", "test\Olbrasoft.Blog.Data.Tests\Olbrasoft.Blog.Data.Tests.csproj", "{3B2A3D5C-28BF-4E8A-954F-2843EA234773}"
EndProject
Global
	GlobalSection(SolutionConfigurationPlatforms) = preSolution
		Debug|Any CPU = Debug|Any CPU
		Release|Any CPU = Release|Any CPU
	EndGlobalSection
	GlobalSection(ProjectConfigurationPlatforms) = postSolution
		{5A4C710E-D4B1-4A42-9F92-43C3CADC91F2}.Debug|Any CPU.ActiveCfg = Debug|Any CPU
		{5A4C710E-D4B1-4A42-9F92-43C3CADC91F2}.Debug|Any CPU.Build.0 = Debug|Any CPU
		{5A4C710E-D4B1-4A42-9F92-43C3CADC91F2}.Release|Any CPU.ActiveCfg = Release|Any CPU
		{5A4C710E-D4B1-4A42-9F92-43C3CADC91F2}.Release|Any CPU.Build.0 = Release|Any CPU
		{F028DA6B-8961-423B-8EEA-A81668B19685}.Debug|Any CPU.ActiveCfg = Debug|Any CPU
		{F028DA6B-8961-423B-8EEA-A81668B19685}.Debug|Any CPU.Build.0 = Debug|Any CPU
		{F028DA6B-8961-423B-8EEA-A81668B19685}.Release|Any CPU.ActiveCfg = Release|Any CPU
		{F028DA6B-8961-423B-8EEA-A81668B19685}.Release|Any CPU.Build.0 = Release|Any CPU
		{4C29CC46-A908-443D-9CD1-C50BF29E3A1D}.Debug|Any CPU.ActiveCfg = Debug|Any CPU
		{4C29CC46-A908-443D-9CD1-C50BF29E3A1D}.Debug|Any CPU.Build.0 = Debug|Any CPU
		{4C29CC46-A908-443D-9CD1-C50BF29E3A1D}.Release|Any CPU.ActiveCfg = Release|Any CPU
		{4C29CC46-A908-443D-9CD1-C50BF29E3A1D}.Release|Any CPU.Build.0 = Release|Any CPU
		{D263E598-5FBB-4C96-BCF2-4ABC1C3E9002}.Debug|Any CPU.ActiveCfg = Debug|Any CPU
		{D263E598-5FBB-4C96-BCF2-4ABC1C3E9002}.Debug|Any CPU.Build.0 = Debug|Any CPU
		{D263E598-5FBB-4C96-BCF2-4ABC1C3E9002}.Release|Any CPU.ActiveCfg = Release|Any CPU
		{D263E598-5FBB-4C96-BCF2-4ABC1C3E9002}.Release|Any CPU.Build.0 = Release|Any CPU
		{ADEAD117-C5E3-44F8-A8AE-BAD64AB950B3}.Debug|Any CPU.ActiveCfg = Debug|Any CPU
		{ADEAD117-C5E3-44F8-A8AE-BAD64AB950B3}.Debug|Any CPU.Build.0 = Debug|Any CPU
		{ADEAD117-C5E3-44F8-A8AE-BAD64AB950B3}.Release|Any CPU.ActiveCfg = Release|Any CPU
		{ADEAD117-C5E3-44F8-A8AE-BAD64AB950B3}.Release|Any CPU.Build.0 = Release|Any CPU
		{3AB3F2C2-99A2-46FF-A110-1CF31F2D9B49}.Debug|Any CPU.ActiveCfg = Debug|Any CPU
		{3AB3F2C2-99A2-46FF-A110-1CF31F2D9B49}.Debug|Any CPU.Build.0 = Debug|Any CPU
		{3AB3F2C2-99A2-46FF-A110-1CF31F2D9B49}.Release|Any CPU.ActiveCfg = Release|Any CPU
		{3AB3F2C2-99A2-46FF-A110-1CF31F2D9B49}.Release|Any CPU.Build.0 = Release|Any CPU
		{3B2A3D5C-28BF-4E8A-954F-2843EA234773}.Debug|Any CPU.ActiveCfg = Debug|Any CPU
		{3B2A3D5C-28BF-4E8A-954F-2843EA234773}.Debug|Any CPU.Build.0 = Debug|Any CPU
		{3B2A3D5C-28BF-4E8A-954F-2843EA234773}.Release|Any CPU.ActiveCfg = Release|Any CPU
		{3B2A3D5C-28BF-4E8A-954F-2843EA234773}.Release|Any CPU.Build.0 = Release|Any CPU
	EndGlobalSection
	GlobalSection(SolutionProperties) = preSolution
		HideSolutionNode = FALSE
	EndGlobalSection
	GlobalSection(NestedProjects) = preSolution
		{ADEAD117-C5E3-44F8-A8AE-BAD64AB950B3} = {B66273AC-7971-4F42-A7E5-0DE45CF1D185}
		{3AB3F2C2-99A2-46FF-A110-1CF31F2D9B49} = {B66273AC-7971-4F42-A7E5-0DE45CF1D185}
		{3B2A3D5C-28BF-4E8A-954F-2843EA234773} = {B66273AC-7971-4F42-A7E5-0DE45CF1D185}
	EndGlobalSection
	GlobalSection(ExtensibilityGlobals) = postSolution
		SolutionGuid = {5BCB177E-0727-41DC-93FF-B3379B4568F3}
	EndGlobalSection
EndGlobal
